
Microsoft Visual Studio Solution File, Format Version 12.00
# Visual Studio Version 16
VisualStudioVersion = 16.0.30225.117
MinimumVisualStudioVersion = 10.0.40219.1
Project("{888888A0-9F3D-457C-B088-3A5042F75D52}") = "LearningDjango", "LearningDjango\LearningDjango.pyproj", "{081A4C71-B6EF-4AD8-B881-16972C46AAE4}"
EndProject
Project("{888888A0-9F3D-457C-B088-3A5042F75D52}") = "DjangoWeb", "DjangoWeb\DjangoWeb.pyproj", "{97CE2B0B-A104-4C9E-B1F7-244C5CF976A9}"
EndProject
Project("{888888A0-9F3D-457C-B088-3A5042F75D52}") = "DjangoPolls", "DjangoPolls\DjangoPolls.pyproj", "{1AA06ABB-43FE-44B8-B9D5-1959A532C33D}"
EndProject
Global
	GlobalSection(SolutionConfigurationPlatforms) = preSolution
		Debug|Any CPU = Debug|Any CPU
		Release|Any CPU = Release|Any CPU
	EndGlobalSection
	GlobalSection(ProjectConfigurationPlatforms) = postSolution
		{081A4C71-B6EF-4AD8-B881-16972C46AAE4}.Debug|Any CPU.ActiveCfg = Debug|Any CPU
		{081A4C71-B6EF-4AD8-B881-16972C46AAE4}.Debug|Any CPU.Build.0 = Debug|Any CPU
		{081A4C71-B6EF-4AD8-B881-16972C46AAE4}.Release|Any CPU.ActiveCfg = Release|Any CPU
		{081A4C71-B6EF-4AD8-B881-16972C46AAE4}.Release|Any CPU.Build.0 = Release|Any CPU
		{97CE2B0B-A104-4C9E-B1F7-244C5CF976A9}.Debug|Any CPU.ActiveCfg = Debug|Any CPU
		{97CE2B0B-A104-4C9E-B1F7-244C5CF976A9}.Debug|Any CPU.Build.0 = Debug|Any CPU
		{97CE2B0B-A104-4C9E-B1F7-244C5CF976A9}.Release|Any CPU.ActiveCfg = Release|Any CPU
		{97CE2B0B-A104-4C9E-B1F7-244C5CF976A9}.Release|Any CPU.Build.0 = Release|Any CPU
		{1AA06ABB-43FE-44B8-B9D5-1959A532C33D}.Debug|Any CPU.ActiveCfg = Debug|Any CPU
		{1AA06ABB-43FE-44B8-B9D5-1959A532C33D}.Debug|Any CPU.Build.0 = Debug|Any CPU
		{1AA06ABB-43FE-44B8-B9D5-1959A532C33D}.Release|Any CPU.ActiveCfg = Release|Any CPU
		{1AA06ABB-43FE-44B8-B9D5-1959A532C33D}.Release|Any CPU.Build.0 = Release|Any CPU
	EndGlobalSection
	GlobalSection(SolutionProperties) = preSolution
		HideSolutionNode = FALSE
	EndGlobalSection
	GlobalSection(ExtensibilityGlobals) = postSolution
		SolutionGuid = {E7979700-5405-4EDE-8ED0-EC3F43ED2A48}
	EndGlobalSection
EndGlobal
